
Microsoft Visual Studio Solution File, Format Version 12.00
# Visual Studio Version 17
VisualStudioVersion = 17.7.34031.279
MinimumVisualStudioVersion = 10.0.40219.1
Project("{FAE04EC0-301F-11D3-BF4B-00C04F79EFBC}") = "Latest Staff Portal", "Latest Staff Portal\Latest Staff Portal.csproj", "{B77A4665-9838-4D49-8ED7-A6C12A295B4D}"
EndProject
Global
	GlobalSection(SolutionConfigurationPlatforms) = preSolution
		Debug|Any CPU = Debug|Any CPU
		Release|Any CPU = Release|Any CPU
	EndGlobalSection
	GlobalSection(ProjectConfigurationPlatforms) = postSolution
		{B77A4665-9838-4D49-8ED7-A6C12A295B4D}.Debug|Any CPU.ActiveCfg = Debug|Any CPU
		{B77A4665-9838-4D49-8ED7-A6C12A295B4D}.Debug|Any CPU.Build.0 = Debug|Any CPU
		{B77A4665-9838-4D49-8ED7-A6C12A295B4D}.Release|Any CPU.ActiveCfg = Release|Any CPU
		{B77A4665-9838-4D49-8ED7-A6C12A295B4D}.Release|Any CPU.Build.0 = Release|Any CPU
	EndGlobalSection
	GlobalSection(SolutionProperties) = preSolution
		HideSolutionNode = FALSE
	EndGlobalSection
	GlobalSection(ExtensibilityGlobals) = postSolution
		SolutionGuid = {CFF4E0AD-82AD-4F64-A8B9-8E3C4D7756E7}
	EndGlobalSection
EndGlobal
